// !$*UTF8*$!
{
	archiveVersion = 1;
	classes = {
	};
	objectVersion = 56;
	objects = {

/* Begin PBXBuildFile section */
		9D1FD4DA29856438006A824C /* AppDelegate.swift in Sources */ = {isa = PBXBuildFile; fileRef = 9D1FD4D929856438006A824C /* AppDelegate.swift */; };
		9D1FD4DC29856438006A824C /* SceneDelegate.swift in Sources */ = {isa = PBXBuildFile; fileRef = 9D1FD4DB29856438006A824C /* SceneDelegate.swift */; };
		9D1FD4E129856438006A824C /* Main.storyboard in Resources */ = {isa = PBXBuildFile; fileRef = 9D1FD4DF29856438006A824C /* Main.storyboard */; };
		9D1FD4E329856439006A824C /* Assets.xcassets in Resources */ = {isa = PBXBuildFile; fileRef = 9D1FD4E229856439006A824C /* Assets.xcassets */; };
		9D1FD4E629856439006A824C /* LaunchScreen.storyboard in Resources */ = {isa = PBXBuildFile; fileRef = 9D1FD4E429856439006A824C /* LaunchScreen.storyboard */; };
		9D1FD4EE298564D0006A824C /* VideoTableViewController.swift in Sources */ = {isa = PBXBuildFile; fileRef = 9D1FD4ED298564D0006A824C /* VideoTableViewController.swift */; };
		9D1FD4F129856674006A824C /* Video.swift in Sources */ = {isa = PBXBuildFile; fileRef = 9D1FD4F029856674006A824C /* Video.swift */; };
		9D1FD4F429856759006A824C /* VideoTableViewCell.swift in Sources */ = {isa = PBXBuildFile; fileRef = 9D1FD4F329856759006A824C /* VideoTableViewCell.swift */; };
/* End PBXBuildFile section */

/* Begin PBXFileReference section */
		9D1FD4D629856438006A824C /* module_41.app */ = {isa = PBXFileReference; explicitFileType = wrapper.application; includeInIndex = 0; path = module_41.app; sourceTree = BUILT_PRODUCTS_DIR; };
		9D1FD4D929856438006A824C /* AppDelegate.swift */ = {isa = PBXFileReference; lastKnownFileType = sourcecode.swift; path = AppDelegate.swift; sourceTree = "<group>"; };
		9D1FD4DB29856438006A824C /* SceneDelegate.swift */ = {isa = PBXFileReference; lastKnownFileType = sourcecode.swift; path = SceneDelegate.swift; sourceTree = "<group>"; };
		9D1FD4E029856438006A824C /* Base */ = {isa = PBXFileReference; lastKnownFileType = file.storyboard; name = Base; path = Base.lproj/Main.storyboard; sourceTree = "<group>"; };
		9D1FD4E229856439006A824C /* Assets.xcassets */ = {isa = PBXFileReference; lastKnownFileType = folder.assetcatalog; path = Assets.xcassets; sourceTree = "<group>"; };
		9D1FD4E529856439006A824C /* Base */ = {isa = PBXFileReference; lastKnownFileType = file.storyboard; name = Base; path = Base.lproj/LaunchScreen.storyboard; sourceTree = "<group>"; };
		9D1FD4E729856439006A824C /* Info.plist */ = {isa = PBXFileReference; lastKnownFileType = text.plist.xml; path = Info.plist; sourceTree = "<group>"; };
		9D1FD4ED298564D0006A824C /* VideoTableViewController.swift */ = {isa = PBXFileReference; lastKnownFileType = sourcecode.swift; path = VideoTableViewController.swift; sourceTree = "<group>"; };
		9D1FD4F029856674006A824C /* Video.swift */ = {isa = PBXFileReference; lastKnownFileType = sourcecode.swift; path = Video.swift; sourceTree = "<group>"; };
		9D1FD4F329856759006A824C /* VideoTableViewCell.swift */ = {isa = PBXFileReference; lastKnownFileType = sourcecode.swift; path = VideoTableViewCell.swift; sourceTree = "<group>"; };
/* End PBXFileReference section */

/* Begin PBXFrameworksBuildPhase section */
		9D1FD4D329856438006A824C /* Frameworks */ = {
			isa = PBXFrameworksBuildPhase;
			buildActionMask = 2147483647;
			files = (
			);
			runOnlyForDeploymentPostprocessing = 0;
		};
/* End PBXFrameworksBuildPhase section */

/* Begin PBXGroup section */
		9D1FD4CD29856438006A824C = {
			isa = PBXGroup;
			children = (
				9D1FD4D829856438006A824C /* module_41 */,
				9D1FD4D729856438006A824C /* Products */,
			);
			sourceTree = "<group>";
		};
		9D1FD4D729856438006A824C /* Products */ = {
			isa = PBXGroup;
			children = (
				9D1FD4D629856438006A824C /* module_41.app */,
			);
			name = Products;
			sourceTree = "<group>";
		};
		9D1FD4D829856438006A824C /* module_41 */ = {
			isa = PBXGroup;
			children = (
				9D1FD4F5298568B5006A824C /* Presenter */,
				9D1FD4F229856743006A824C /* View */,
				9D1FD4EF29856650006A824C /* Model */,
				9D1FD4D929856438006A824C /* AppDelegate.swift */,
				9D1FD4DB29856438006A824C /* SceneDelegate.swift */,
				9D1FD4DF29856438006A824C /* Main.storyboard */,
				9D1FD4E229856439006A824C /* Assets.xcassets */,
				9D1FD4E429856439006A824C /* LaunchScreen.storyboard */,
				9D1FD4E729856439006A824C /* Info.plist */,
			);
			path = module_41;
			sourceTree = "<group>";
		};
		9D1FD4EF29856650006A824C /* Model */ = {
			isa = PBXGroup;
			children = (
				9D1FD4F029856674006A824C /* Video.swift */,
			);
			path = Model;
			sourceTree = "<group>";
		};
		9D1FD4F229856743006A824C /* View */ = {
			isa = PBXGroup;
			children = (
				9D1FD4F329856759006A824C /* VideoTableViewCell.swift */,
			);
			path = View;
			sourceTree = "<group>";
		};
		9D1FD4F5298568B5006A824C /* Presenter */ = {
			isa = PBXGroup;
			children = (
				9D1FD4ED298564D0006A824C /* VideoTableViewController.swift */,
			);
			path = Presenter;
			sourceTree = "<group>";
		};
/* End PBXGroup section */

/* Begin PBXNativeTarget section */
		9D1FD4D529856438006A824C /* module_41 */ = {
			isa = PBXNativeTarget;
			buildConfigurationList = 9D1FD4EA29856439006A824C /* Build configuration list for PBXNativeTarget "module_41" */;
			buildPhases = (
				9D1FD4D229856438006A824C /* Sources */,
				9D1FD4D329856438006A824C /* Frameworks */,
				9D1FD4D429856438006A824C /* Resources */,
			);
			buildRules = (
			);
			dependencies = (
			);
			name = module_41;
			productName = module_41;
			productReference = 9D1FD4D629856438006A824C /* module_41.app */;
			productType = "com.apple.product-type.application";
		};
/* End PBXNativeTarget section */

/* Begin PBXProject section */
		9D1FD4CE29856438006A824C /* Project object */ = {
			isa = PBXProject;
			attributes = {
				BuildIndependentTargetsInParallel = 1;
				LastSwiftUpdateCheck = 1420;
				LastUpgradeCheck = 1420;
				TargetAttributes = {
					9D1FD4D529856438006A824C = {
						CreatedOnToolsVersion = 14.2;
					};
				};
			};
			buildConfigurationList = 9D1FD4D129856438006A824C /* Build configuration list for PBXProject "module_41" */;
			compatibilityVersion = "Xcode 14.0";
			developmentRegion = en;
			hasScannedForEncodings = 0;
			knownRegions = (
				en,
				Base,
			);
			mainGroup = 9D1FD4CD29856438006A824C;
			productRefGroup = 9D1FD4D729856438006A824C /* Products */;
			projectDirPath = "";
			projectRoot = "";
			targets = (
				9D1FD4D529856438006A824C /* module_41 */,
			);
		};
/* End PBXProject section */

/* Begin PBXResourcesBuildPhase section */
		9D1FD4D429856438006A824C /* Resources */ = {
			isa = PBXResourcesBuildPhase;
			buildActionMask = 2147483647;
			files = (
				9D1FD4E629856439006A824C /* LaunchScreen.storyboard in Resources */,
				9D1FD4E329856439006A824C /* Assets.xcassets in Resources */,
				9D1FD4E129856438006A824C /* Main.storyboard in Resources */,
			);
			runOnlyForDeploymentPostprocessing = 0;
		};
/* End PBXResourcesBuildPhase section */

/* Begin PBXSourcesBuildPhase section */
		9D1FD4D229856438006A824C /* Sources */ = {
			isa = PBXSourcesBuildPhase;
			buildActionMask = 2147483647;
			files = (
				9D1FD4DA29856438006A824C /* AppDelegate.swift in Sources */,
				9D1FD4F129856674006A824C /* Video.swift in Sources */,
				9D1FD4EE298564D0006A824C /* VideoTableViewController.swift in Sources */,
				9D1FD4DC29856438006A824C /* SceneDelegate.swift in Sources */,
				9D1FD4F429856759006A824C /* VideoTableViewCell.swift in Sources */,
			);
			runOnlyForDeploymentPostprocessing = 0;
		};
/* End PBXSourcesBuildPhase section */

/* Begin PBXVariantGroup section */
		9D1FD4DF29856438006A824C /* Main.storyboard */ = {
			isa = PBXVariantGroup;
			children = (
				9D1FD4E029856438006A824C /* Base */,
			);
			name = Main.storyboard;
			sourceTree = "<group>";
		};
		9D1FD4E429856439006A824C /* LaunchScreen.storyboard */ = {
			isa = PBXVariantGroup;
			children = (
				9D1FD4E529856439006A824C /* Base */,
			);
			name = LaunchScreen.storyboard;
			sourceTree = "<group>";
		};
/* End PBXVariantGroup section */

/* Begin XCBuildConfiguration section */
		9D1FD4E829856439006A824C /* Debug */ = {
			isa = XCBuildConfiguration;
			buildSettings = {
				ALWAYS_SEARCH_USER_PATHS = NO;
				CLANG_ANALYZER_NONNULL = YES;
				CLANG_ANALYZER_NUMBER_OBJECT_CONVERSION = YES_AGGRESSIVE;
				CLANG_CXX_LANGUAGE_STANDARD = "gnu++20";
				CLANG_ENABLE_MODULES = YES;
				CLANG_ENABLE_OBJC_ARC = YES;
				CLANG_ENABLE_OBJC_WEAK = YES;
				CLANG_WARN_BLOCK_CAPTURE_AUTORELEASING = YES;
				CLANG_WARN_BOOL_CONVERSION = YES;
				CLANG_WARN_COMMA = YES;
				CLANG_WARN_CONSTANT_CONVERSION = YES;
				CLANG_WARN_DEPRECATED_OBJC_IMPLEMENTATIONS = YES;
				CLANG_WARN_DIRECT_OBJC_ISA_USAGE = YES_ERROR;
				CLANG_WARN_DOCUMENTATION_COMMENTS = YES;
				CLANG_WARN_EMPTY_BODY = YES;
				CLANG_WARN_ENUM_CONVERSION = YES;
				CLANG_WARN_INFINITE_RECURSION = YES;
				CLANG_WARN_INT_CONVERSION = YES;
				CLANG_WARN_NON_LITERAL_NULL_CONVERSION = YES;
				CLANG_WARN_OBJC_IMPLICIT_RETAIN_SELF = YES;
				CLANG_WARN_OBJC_LITERAL_CONVERSION = YES;
				CLANG_WARN_OBJC_ROOT_CLASS = YES_ERROR;
				CLANG_WARN_QUOTED_INCLUDE_IN_FRAMEWORK_HEADER = YES;
				CLANG_WARN_RANGE_LOOP_ANALYSIS = YES;
				CLANG_WARN_STRICT_PROTOTYPES = YES;
				CLANG_WARN_SUSPICIOUS_MOVE = YES;
				CLANG_WARN_UNGUARDED_AVAILABILITY = YES_AGGRESSIVE;
				CLANG_WARN_UNREACHABLE_CODE = YES;
				CLANG_WARN__DUPLICATE_METHOD_MATCH = YES;
				COPY_PHASE_STRIP = NO;
				DEBUG_INFORMATION_FORMAT = dwarf;
				ENABLE_STRICT_OBJC_MSGSEND = YES;
				ENABLE_TESTABILITY = YES;
				GCC_C_LANGUAGE_STANDARD = gnu11;
				GCC_DYNAMIC_NO_PIC = NO;
				GCC_NO_COMMON_BLOCKS = YES;
				GCC_OPTIMIZATION_LEVEL = 0;
				GCC_PREPROCESSOR_DEFINITIONS = (
					"DEBUG=1",
					"$(inherited)",
				);
				GCC_WARN_64_TO_32_BIT_CONVERSION = YES;
				GCC_WARN_ABOUT_RETURN_TYPE = YES_ERROR;
				GCC_WARN_UNDECLARED_SELECTOR = YES;
				GCC_WARN_UNINITIALIZED_AUTOS = YES_AGGRESSIVE;
				GCC_WARN_UNUSED_FUNCTION = YES;
				GCC_WARN_UNUSED_VARIABLE = YES;
				IPHONEOS_DEPLOYMENT_TARGET = 16.2;
				MTL_ENABLE_DEBUG_INFO = INCLUDE_SOURCE;
				MTL_FAST_MATH = YES;
				ONLY_ACTIVE_ARCH = YES;
				SDKROOT = iphoneos;
				SWIFT_ACTIVE_COMPILATION_CONDITIONS = DEBUG;
				SWIFT_OPTIMIZATION_LEVEL = "-Onone";
			};
			name = Debug;
		};
		9D1FD4E929856439006A824C /* Release */ = {
			isa = XCBuildConfiguration;
			buildSettings = {
				ALWAYS_SEARCH_USER_PATHS = NO;
				CLANG_ANALYZER_NONNULL = YES;
				CLANG_ANALYZER_NUMBER_OBJECT_CONVERSION = YES_AGGRESSIVE;
				CLANG_CXX_LANGUAGE_STANDARD = "gnu++20";
				CLANG_ENABLE_MODULES = YES;
				CLANG_ENABLE_OBJC_ARC = YES;
				CLANG_ENABLE_OBJC_WEAK = YES;
				CLANG_WARN_BLOCK_CAPTURE_AUTORELEASING = YES;
				CLANG_WARN_BOOL_CONVERSION = YES;
				CLANG_WARN_COMMA = YES;
				CLANG_WARN_CONSTANT_CONVERSION = YES;
				CLANG_WARN_DEPRECATED_OBJC_IMPLEMENTATIONS = YES;
				CLANG_WARN_DIRECT_OBJC_ISA_USAGE = YES_ERROR;
				CLANG_WARN_DOCUMENTATION_COMMENTS = YES;
				CLANG_WARN_EMPTY_BODY = YES;
				CLANG_WARN_ENUM_CONVERSION = YES;
				CLANG_WARN_INFINITE_RECURSION = YES;
				CLANG_WARN_INT_CONVERSION = YES;
				CLANG_WARN_NON_LITERAL_NULL_CONVERSION = YES;
				CLANG_WARN_OBJC_IMPLICIT_RETAIN_SELF = YES;
				CLANG_WARN_OBJC_LITERAL_CONVERSION = YES;
				CLANG_WARN_OBJC_ROOT_CLASS = YES_ERROR;
				CLANG_WARN_QUOTED_INCLUDE_IN_FRAMEWORK_HEADER = YES;
				CLANG_WARN_RANGE_LOOP_ANALYSIS = YES;
				CLANG_WARN_STRICT_PROTOTYPES = YES;
				CLANG_WARN_SUSPICIOUS_MOVE = YES;
				CLANG_WARN_UNGUARDED_AVAILABILITY = YES_AGGRESSIVE;
				CLANG_WARN_UNREACHABLE_CODE = YES;
				CLANG_WARN__DUPLICATE_METHOD_MATCH = YES;
				COPY_PHASE_STRIP = NO;
				DEBUG_INFORMATION_FORMAT = "dwarf-with-dsym";
				ENABLE_NS_ASSERTIONS = NO;
				ENABLE_STRICT_OBJC_MSGSEND = YES;
				GCC_C_LANGUAGE_STANDARD = gnu11;
				GCC_NO_COMMON_BLOCKS = YES;
				GCC_WARN_64_TO_32_BIT_CONVERSION = YES;
				GCC_WARN_ABOUT_RETURN_TYPE = YES_ERROR;
				GCC_WARN_UNDECLARED_SELECTOR = YES;
				GCC_WARN_UNINITIALIZED_AUTOS = YES_AGGRESSIVE;
				GCC_WARN_UNUSED_FUNCTION = YES;
				GCC_WARN_UNUSED_VARIABLE = YES;
				IPHONEOS_DEPLOYMENT_TARGET = 16.2;
				MTL_ENABLE_DEBUG_INFO = NO;
				MTL_FAST_MATH = YES;
				SDKROOT = iphoneos;
				SWIFT_COMPILATION_MODE = wholemodule;
				SWIFT_OPTIMIZATION_LEVEL = "-O";
				VALIDATE_PRODUCT = YES;
			};
			name = Release;
		};
		9D1FD4EB29856439006A824C /* Debug */ = {
			isa = XCBuildConfiguration;
			buildSettings = {
				ASSETCATALOG_COMPILER_APPICON_NAME = AppIcon;
				ASSETCATALOG_COMPILER_GLOBAL_ACCENT_COLOR_NAME = AccentColor;
				CODE_SIGN_STYLE = Automatic;
				CURRENT_PROJECT_VERSION = 1;
				DEVELOPMENT_TEAM = GZBP2PGGT9;
				GENERATE_INFOPLIST_FILE = YES;
				INFOPLIST_FILE = module_41/Info.plist;
				INFOPLIST_KEY_UIApplicationSupportsIndirectInputEvents = YES;
				INFOPLIST_KEY_UILaunchStoryboardName = LaunchScreen;
				INFOPLIST_KEY_UIMainStoryboardFile = Main;
				INFOPLIST_KEY_UISupportedInterfaceOrientations_iPad = "UIInterfaceOrientationPortrait UIInterfaceOrientationPortraitUpsideDown UIInterfaceOrientationLandscapeLeft UIInterfaceOrientationLandscapeRight";
				INFOPLIST_KEY_UISupportedInterfaceOrientations_iPhone = "UIInterfaceOrientationPortrait UIInterfaceOrientationLandscapeLeft UIInterfaceOrientationLandscapeRight";
				LD_RUNPATH_SEARCH_PATHS = (
					"$(inherited)",
					"@executable_path/Frameworks",
				);
				MARKETING_VERSION = 1.0;
				PRODUCT_BUNDLE_IDENTIFIER = "com.loctier.module-41";
				PRODUCT_NAME = "$(TARGET_NAME)";
				SWIFT_EMIT_LOC_STRINGS = YES;
				SWIFT_VERSION = 5.0;
				TARGETED_DEVICE_FAMILY = "1,2";
			};
			name = Debug;
		};
		9D1FD4EC29856439006A824C /* Release */ = {
			isa = XCBuildConfiguration;
			buildSettings = {
				ASSETCATALOG_COMPILER_APPICON_NAME = AppIcon;
				ASSETCATALOG_COMPILER_GLOBAL_ACCENT_COLOR_NAME = AccentColor;
				CODE_SIGN_STYLE = Automatic;
				CURRENT_PROJECT_VERSION = 1;
				DEVELOPMENT_TEAM = GZBP2PGGT9;
				GENERATE_INFOPLIST_FILE = YES;
				INFOPLIST_FILE = module_41/Info.plist;
				INFOPLIST_KEY_UIApplicationSupportsIndirectInputEvents = YES;
				INFOPLIST_KEY_UILaunchStoryboardName = LaunchScreen;
				INFOPLIST_KEY_UIMainStoryboardFile = Main;
				INFOPLIST_KEY_UISupportedInterfaceOrientations_iPad = "UIInterfaceOrientationPortrait UIInterfaceOrientationPortraitUpsideDown UIInterfaceOrientationLandscapeLeft UIInterfaceOrientationLandscapeRight";
				INFOPLIST_KEY_UISupportedInterfaceOrientations_iPhone = "UIInterfaceOrientationPortrait UIInterfaceOrientationLandscapeLeft UIInterfaceOrientationLandscapeRight";
				LD_RUNPATH_SEARCH_PATHS = (
					"$(inherited)",
					"@executable_path/Frameworks",
				);
				MARKETING_VERSION = 1.0;
				PRODUCT_BUNDLE_IDENTIFIER = "com.loctier.module-41";
				PRODUCT_NAME = "$(TARGET_NAME)";
				SWIFT_EMIT_LOC_STRINGS = YES;
				SWIFT_VERSION = 5.0;
				TARGETED_DEVICE_FAMILY = "1,2";
			};
			name = Release;
		};
/* End XCBuildConfiguration section */

/* Begin XCConfigurationList section */
		9D1FD4D129856438006A824C /* Build configuration list for PBXProject "module_41" */ = {
			isa = XCConfigurationList;
			buildConfigurations = (
				9D1FD4E829856439006A824C /* Debug */,
				9D1FD4E929856439006A824C /* Release */,
			);
			defaultConfigurationIsVisible = 0;
			defaultConfigurationName = Release;
		};
		9D1FD4EA29856439006A824C /* Build configuration list for PBXNativeTarget "module_41" */ = {
			isa = XCConfigurationList;
			buildConfigurations = (
				9D1FD4EB29856439006A824C /* Debug */,
				9D1FD4EC29856439006A824C /* Release */,
			);
			defaultConfigurationIsVisible = 0;
			defaultConfigurationName = Release;
		};
/* End XCConfigurationList section */
	};
	rootObject = 9D1FD4CE29856438006A824C /* Project object */;
}
