// !$*UTF8*$!
{
	archiveVersion = 1;
	classes = {
	};
	objectVersion = 56;
	objects = {

/* Begin PBXBuildFile section */
		9D035A402903FF31000595BA /* AppDelegate.swift in Sources */ = {isa = PBXBuildFile; fileRef = 9D035A3F2903FF31000595BA /* AppDelegate.swift */; };
		9D035A422903FF31000595BA /* SceneDelegate.swift in Sources */ = {isa = PBXBuildFile; fileRef = 9D035A412903FF31000595BA /* SceneDelegate.swift */; };
		9D035A442903FF31000595BA /* ViewController.swift in Sources */ = {isa = PBXBuildFile; fileRef = 9D035A432903FF31000595BA /* ViewController.swift */; };
		9D035A472903FF31000595BA /* Main.storyboard in Resources */ = {isa = PBXBuildFile; fileRef = 9D035A452903FF31000595BA /* Main.storyboard */; };
		9D035A492903FF32000595BA /* Assets.xcassets in Resources */ = {isa = PBXBuildFile; fileRef = 9D035A482903FF32000595BA /* Assets.xcassets */; };
		9D035A4C2903FF32000595BA /* LaunchScreen.storyboard in Resources */ = {isa = PBXBuildFile; fileRef = 9D035A4A2903FF32000595BA /* LaunchScreen.storyboard */; };
		9D5E96E6290402A00023988C /* Transaction.swift in Sources */ = {isa = PBXBuildFile; fileRef = 9D5E96E5290402A00023988C /* Transaction.swift */; };
		9D5E96E929042E710023988C /* TransactionTableViewCell.swift in Sources */ = {isa = PBXBuildFile; fileRef = 9D5E96E729042E710023988C /* TransactionTableViewCell.swift */; };
		9D5E96EA29042E710023988C /* TransactionTableViewCell.xib in Resources */ = {isa = PBXBuildFile; fileRef = 9D5E96E829042E710023988C /* TransactionTableViewCell.xib */; };
		9D5E96EC2904496E0023988C /* TransactionViewController.swift in Sources */ = {isa = PBXBuildFile; fileRef = 9D5E96EB2904496E0023988C /* TransactionViewController.swift */; };
		9D5E96EE29047AB10023988C /* Balance.swift in Sources */ = {isa = PBXBuildFile; fileRef = 9D5E96ED29047AB10023988C /* Balance.swift */; };
		B98F3EE8C55E298C94A5A1CE /* Pods_BankApp.framework in Frameworks */ = {isa = PBXBuildFile; fileRef = 9BF5F8E7B2CF8B7AB18C6BBA /* Pods_BankApp.framework */; };
/* End PBXBuildFile section */

/* Begin PBXFileReference section */
		48FA6A6A7B533345D70FDF68 /* Pods-BankApp.debug.xcconfig */ = {isa = PBXFileReference; includeInIndex = 1; lastKnownFileType = text.xcconfig; name = "Pods-BankApp.debug.xcconfig"; path = "Target Support Files/Pods-BankApp/Pods-BankApp.debug.xcconfig"; sourceTree = "<group>"; };
		6FC704763B3427A7FB3ED43D /* Pods-BankApp.release.xcconfig */ = {isa = PBXFileReference; includeInIndex = 1; lastKnownFileType = text.xcconfig; name = "Pods-BankApp.release.xcconfig"; path = "Target Support Files/Pods-BankApp/Pods-BankApp.release.xcconfig"; sourceTree = "<group>"; };
		9BF5F8E7B2CF8B7AB18C6BBA /* Pods_BankApp.framework */ = {isa = PBXFileReference; explicitFileType = wrapper.framework; includeInIndex = 0; path = Pods_BankApp.framework; sourceTree = BUILT_PRODUCTS_DIR; };
		9D035A3C2903FF31000595BA /* BankApp.app */ = {isa = PBXFileReference; explicitFileType = wrapper.application; includeInIndex = 0; path = BankApp.app; sourceTree = BUILT_PRODUCTS_DIR; };
		9D035A3F2903FF31000595BA /* AppDelegate.swift */ = {isa = PBXFileReference; lastKnownFileType = sourcecode.swift; path = AppDelegate.swift; sourceTree = "<group>"; };
		9D035A412903FF31000595BA /* SceneDelegate.swift */ = {isa = PBXFileReference; lastKnownFileType = sourcecode.swift; path = SceneDelegate.swift; sourceTree = "<group>"; };
		9D035A432903FF31000595BA /* ViewController.swift */ = {isa = PBXFileReference; lastKnownFileType = sourcecode.swift; path = ViewController.swift; sourceTree = "<group>"; };
		9D035A462903FF31000595BA /* Base */ = {isa = PBXFileReference; lastKnownFileType = file.storyboard; name = Base; path = Base.lproj/Main.storyboard; sourceTree = "<group>"; };
		9D035A482903FF32000595BA /* Assets.xcassets */ = {isa = PBXFileReference; lastKnownFileType = folder.assetcatalog; path = Assets.xcassets; sourceTree = "<group>"; };
		9D035A4B2903FF32000595BA /* Base */ = {isa = PBXFileReference; lastKnownFileType = file.storyboard; name = Base; path = Base.lproj/LaunchScreen.storyboard; sourceTree = "<group>"; };
		9D035A4D2903FF32000595BA /* Info.plist */ = {isa = PBXFileReference; lastKnownFileType = text.plist.xml; path = Info.plist; sourceTree = "<group>"; };
		9D5E96E5290402A00023988C /* Transaction.swift */ = {isa = PBXFileReference; lastKnownFileType = sourcecode.swift; path = Transaction.swift; sourceTree = "<group>"; };
		9D5E96E729042E710023988C /* TransactionTableViewCell.swift */ = {isa = PBXFileReference; lastKnownFileType = sourcecode.swift; path = TransactionTableViewCell.swift; sourceTree = "<group>"; };
		9D5E96E829042E710023988C /* TransactionTableViewCell.xib */ = {isa = PBXFileReference; lastKnownFileType = file.xib; path = TransactionTableViewCell.xib; sourceTree = "<group>"; };
		9D5E96EB2904496E0023988C /* TransactionViewController.swift */ = {isa = PBXFileReference; lastKnownFileType = sourcecode.swift; path = TransactionViewController.swift; sourceTree = "<group>"; };
		9D5E96ED29047AB10023988C /* Balance.swift */ = {isa = PBXFileReference; lastKnownFileType = sourcecode.swift; path = Balance.swift; sourceTree = "<group>"; };
/* End PBXFileReference section */

/* Begin PBXFrameworksBuildPhase section */
		9D035A392903FF31000595BA /* Frameworks */ = {
			isa = PBXFrameworksBuildPhase;
			buildActionMask = 2147483647;
			files = (
				B98F3EE8C55E298C94A5A1CE /* Pods_BankApp.framework in Frameworks */,
			);
			runOnlyForDeploymentPostprocessing = 0;
		};
/* End PBXFrameworksBuildPhase section */

/* Begin PBXGroup section */
		65B65E8AF16DF1E6AA3D62DB /* Pods */ = {
			isa = PBXGroup;
			children = (
				48FA6A6A7B533345D70FDF68 /* Pods-BankApp.debug.xcconfig */,
				6FC704763B3427A7FB3ED43D /* Pods-BankApp.release.xcconfig */,
			);
			path = Pods;
			sourceTree = "<group>";
		};
		90CFAAC60AE0BD148C723F04 /* Frameworks */ = {
			isa = PBXGroup;
			children = (
				9BF5F8E7B2CF8B7AB18C6BBA /* Pods_BankApp.framework */,
			);
			name = Frameworks;
			sourceTree = "<group>";
		};
		9D035A332903FF31000595BA = {
			isa = PBXGroup;
			children = (
				9D035A3E2903FF31000595BA /* BankApp */,
				9D035A3D2903FF31000595BA /* Products */,
				65B65E8AF16DF1E6AA3D62DB /* Pods */,
				90CFAAC60AE0BD148C723F04 /* Frameworks */,
			);
			sourceTree = "<group>";
		};
		9D035A3D2903FF31000595BA /* Products */ = {
			isa = PBXGroup;
			children = (
				9D035A3C2903FF31000595BA /* BankApp.app */,
			);
			name = Products;
			sourceTree = "<group>";
		};
		9D035A3E2903FF31000595BA /* BankApp */ = {
			isa = PBXGroup;
			children = (
				9D5E96E22904025E0023988C /* Models */,
				9D5E96E1290402580023988C /* Views */,
				9D5E96E02904024B0023988C /* Controllers */,
				9D035A3F2903FF31000595BA /* AppDelegate.swift */,
				9D035A412903FF31000595BA /* SceneDelegate.swift */,
				9D035A452903FF31000595BA /* Main.storyboard */,
				9D035A482903FF32000595BA /* Assets.xcassets */,
				9D035A4A2903FF32000595BA /* LaunchScreen.storyboard */,
				9D035A4D2903FF32000595BA /* Info.plist */,
			);
			path = BankApp;
			sourceTree = "<group>";
		};
		9D5E96E02904024B0023988C /* Controllers */ = {
			isa = PBXGroup;
			children = (
				9D035A432903FF31000595BA /* ViewController.swift */,
				9D5E96EB2904496E0023988C /* TransactionViewController.swift */,
			);
			path = Controllers;
			sourceTree = "<group>";
		};
		9D5E96E1290402580023988C /* Views */ = {
			isa = PBXGroup;
			children = (
				9D5E96E729042E710023988C /* TransactionTableViewCell.swift */,
				9D5E96E829042E710023988C /* TransactionTableViewCell.xib */,
			);
			path = Views;
			sourceTree = "<group>";
		};
		9D5E96E22904025E0023988C /* Models */ = {
			isa = PBXGroup;
			children = (
				9D5E96E5290402A00023988C /* Transaction.swift */,
				9D5E96ED29047AB10023988C /* Balance.swift */,
			);
			path = Models;
			sourceTree = "<group>";
		};
/* End PBXGroup section */

/* Begin PBXNativeTarget section */
		9D035A3B2903FF31000595BA /* BankApp */ = {
			isa = PBXNativeTarget;
			buildConfigurationList = 9D035A502903FF32000595BA /* Build configuration list for PBXNativeTarget "BankApp" */;
			buildPhases = (
				5F126DA58181D59FE636B64C /* [CP] Check Pods Manifest.lock */,
				9D035A382903FF31000595BA /* Sources */,
				9D035A392903FF31000595BA /* Frameworks */,
				9D035A3A2903FF31000595BA /* Resources */,
				E8263D873FD0647AADFFC261 /* [CP] Embed Pods Frameworks */,
			);
			buildRules = (
			);
			dependencies = (
			);
			name = BankApp;
			productName = BankApp;
			productReference = 9D035A3C2903FF31000595BA /* BankApp.app */;
			productType = "com.apple.product-type.application";
		};
/* End PBXNativeTarget section */

/* Begin PBXProject section */
		9D035A342903FF31000595BA /* Project object */ = {
			isa = PBXProject;
			attributes = {
				BuildIndependentTargetsInParallel = 1;
				LastSwiftUpdateCheck = 1400;
				LastUpgradeCheck = 1400;
				TargetAttributes = {
					9D035A3B2903FF31000595BA = {
						CreatedOnToolsVersion = 14.0.1;
					};
				};
			};
			buildConfigurationList = 9D035A372903FF31000595BA /* Build configuration list for PBXProject "BankApp" */;
			compatibilityVersion = "Xcode 14.0";
			developmentRegion = en;
			hasScannedForEncodings = 0;
			knownRegions = (
				en,
				Base,
			);
			mainGroup = 9D035A332903FF31000595BA;
			productRefGroup = 9D035A3D2903FF31000595BA /* Products */;
			projectDirPath = "";
			projectRoot = "";
			targets = (
				9D035A3B2903FF31000595BA /* BankApp */,
			);
		};
/* End PBXProject section */

/* Begin PBXResourcesBuildPhase section */
		9D035A3A2903FF31000595BA /* Resources */ = {
			isa = PBXResourcesBuildPhase;
			buildActionMask = 2147483647;
			files = (
				9D035A4C2903FF32000595BA /* LaunchScreen.storyboard in Resources */,
				9D035A492903FF32000595BA /* Assets.xcassets in Resources */,
				9D5E96EA29042E710023988C /* TransactionTableViewCell.xib in Resources */,
				9D035A472903FF31000595BA /* Main.storyboard in Resources */,
			);
			runOnlyForDeploymentPostprocessing = 0;
		};
/* End PBXResourcesBuildPhase section */

/* Begin PBXShellScriptBuildPhase section */
		5F126DA58181D59FE636B64C /* [CP] Check Pods Manifest.lock */ = {
			isa = PBXShellScriptBuildPhase;
			buildActionMask = 2147483647;
			files = (
			);
			inputFileListPaths = (
			);
			inputPaths = (
				"${PODS_PODFILE_DIR_PATH}/Podfile.lock",
				"${PODS_ROOT}/Manifest.lock",
			);
			name = "[CP] Check Pods Manifest.lock";
			outputFileListPaths = (
			);
			outputPaths = (
				"$(DERIVED_FILE_DIR)/Pods-BankApp-checkManifestLockResult.txt",
			);
			runOnlyForDeploymentPostprocessing = 0;
			shellPath = /bin/sh;
			shellScript = "diff \"${PODS_PODFILE_DIR_PATH}/Podfile.lock\" \"${PODS_ROOT}/Manifest.lock\" > /dev/null\nif [ $? != 0 ] ; then\n    # print error to STDERR\n    echo \"error: The sandbox is not in sync with the Podfile.lock. Run 'pod install' or update your CocoaPods installation.\" >&2\n    exit 1\nfi\n# This output is used by Xcode 'outputs' to avoid re-running this script phase.\necho \"SUCCESS\" > \"${SCRIPT_OUTPUT_FILE_0}\"\n";
			showEnvVarsInLog = 0;
		};
		E8263D873FD0647AADFFC261 /* [CP] Embed Pods Frameworks */ = {
			isa = PBXShellScriptBuildPhase;
			buildActionMask = 2147483647;
			files = (
			);
			inputFileListPaths = (
				"${PODS_ROOT}/Target Support Files/Pods-BankApp/Pods-BankApp-frameworks-${CONFIGURATION}-input-files.xcfilelist",
			);
			name = "[CP] Embed Pods Frameworks";
			outputFileListPaths = (
				"${PODS_ROOT}/Target Support Files/Pods-BankApp/Pods-BankApp-frameworks-${CONFIGURATION}-output-files.xcfilelist",
			);
			runOnlyForDeploymentPostprocessing = 0;
			shellPath = /bin/sh;
			shellScript = "\"${PODS_ROOT}/Target Support Files/Pods-BankApp/Pods-BankApp-frameworks.sh\"\n";
			showEnvVarsInLog = 0;
		};
/* End PBXShellScriptBuildPhase section */

/* Begin PBXSourcesBuildPhase section */
		9D035A382903FF31000595BA /* Sources */ = {
			isa = PBXSourcesBuildPhase;
			buildActionMask = 2147483647;
			files = (
				9D035A442903FF31000595BA /* ViewController.swift in Sources */,
				9D5E96EC2904496E0023988C /* TransactionViewController.swift in Sources */,
				9D5E96E929042E710023988C /* TransactionTableViewCell.swift in Sources */,
				9D035A402903FF31000595BA /* AppDelegate.swift in Sources */,
				9D5E96E6290402A00023988C /* Transaction.swift in Sources */,
				9D5E96EE29047AB10023988C /* Balance.swift in Sources */,
				9D035A422903FF31000595BA /* SceneDelegate.swift in Sources */,
			);
			runOnlyForDeploymentPostprocessing = 0;
		};
/* End PBXSourcesBuildPhase section */

/* Begin PBXVariantGroup section */
		9D035A452903FF31000595BA /* Main.storyboard */ = {
			isa = PBXVariantGroup;
			children = (
				9D035A462903FF31000595BA /* Base */,
			);
			name = Main.storyboard;
			sourceTree = "<group>";
		};
		9D035A4A2903FF32000595BA /* LaunchScreen.storyboard */ = {
			isa = PBXVariantGroup;
			children = (
				9D035A4B2903FF32000595BA /* Base */,
			);
			name = LaunchScreen.storyboard;
			sourceTree = "<group>";
		};
/* End PBXVariantGroup section */

/* Begin XCBuildConfiguration section */
		9D035A4E2903FF32000595BA /* Debug */ = {
			isa = XCBuildConfiguration;
			buildSettings = {
				ALWAYS_SEARCH_USER_PATHS = NO;
				CLANG_ANALYZER_NONNULL = YES;
				CLANG_ANALYZER_NUMBER_OBJECT_CONVERSION = YES_AGGRESSIVE;
				CLANG_CXX_LANGUAGE_STANDARD = "gnu++20";
				CLANG_ENABLE_MODULES = YES;
				CLANG_ENABLE_OBJC_ARC = YES;
				CLANG_ENABLE_OBJC_WEAK = YES;
				CLANG_WARN_BLOCK_CAPTURE_AUTORELEASING = YES;
				CLANG_WARN_BOOL_CONVERSION = YES;
				CLANG_WARN_COMMA = YES;
				CLANG_WARN_CONSTANT_CONVERSION = YES;
				CLANG_WARN_DEPRECATED_OBJC_IMPLEMENTATIONS = YES;
				CLANG_WARN_DIRECT_OBJC_ISA_USAGE = YES_ERROR;
				CLANG_WARN_DOCUMENTATION_COMMENTS = YES;
				CLANG_WARN_EMPTY_BODY = YES;
				CLANG_WARN_ENUM_CONVERSION = YES;
				CLANG_WARN_INFINITE_RECURSION = YES;
				CLANG_WARN_INT_CONVERSION = YES;
				CLANG_WARN_NON_LITERAL_NULL_CONVERSION = YES;
				CLANG_WARN_OBJC_IMPLICIT_RETAIN_SELF = YES;
				CLANG_WARN_OBJC_LITERAL_CONVERSION = YES;
				CLANG_WARN_OBJC_ROOT_CLASS = YES_ERROR;
				CLANG_WARN_QUOTED_INCLUDE_IN_FRAMEWORK_HEADER = YES;
				CLANG_WARN_RANGE_LOOP_ANALYSIS = YES;
				CLANG_WARN_STRICT_PROTOTYPES = YES;
				CLANG_WARN_SUSPICIOUS_MOVE = YES;
				CLANG_WARN_UNGUARDED_AVAILABILITY = YES_AGGRESSIVE;
				CLANG_WARN_UNREACHABLE_CODE = YES;
				CLANG_WARN__DUPLICATE_METHOD_MATCH = YES;
				COPY_PHASE_STRIP = NO;
				DEBUG_INFORMATION_FORMAT = dwarf;
				ENABLE_STRICT_OBJC_MSGSEND = YES;
				ENABLE_TESTABILITY = YES;
				GCC_C_LANGUAGE_STANDARD = gnu11;
				GCC_DYNAMIC_NO_PIC = NO;
				GCC_NO_COMMON_BLOCKS = YES;
				GCC_OPTIMIZATION_LEVEL = 0;
				GCC_PREPROCESSOR_DEFINITIONS = (
					"DEBUG=1",
					"$(inherited)",
				);
				GCC_WARN_64_TO_32_BIT_CONVERSION = YES;
				GCC_WARN_ABOUT_RETURN_TYPE = YES_ERROR;
				GCC_WARN_UNDECLARED_SELECTOR = YES;
				GCC_WARN_UNINITIALIZED_AUTOS = YES_AGGRESSIVE;
				GCC_WARN_UNUSED_FUNCTION = YES;
				GCC_WARN_UNUSED_VARIABLE = YES;
				IPHONEOS_DEPLOYMENT_TARGET = 16.0;
				MTL_ENABLE_DEBUG_INFO = INCLUDE_SOURCE;
				MTL_FAST_MATH = YES;
				ONLY_ACTIVE_ARCH = YES;
				SDKROOT = iphoneos;
				SWIFT_ACTIVE_COMPILATION_CONDITIONS = DEBUG;
				SWIFT_OPTIMIZATION_LEVEL = "-Onone";
			};
			name = Debug;
		};
		9D035A4F2903FF32000595BA /* Release */ = {
			isa = XCBuildConfiguration;
			buildSettings = {
				ALWAYS_SEARCH_USER_PATHS = NO;
				CLANG_ANALYZER_NONNULL = YES;
				CLANG_ANALYZER_NUMBER_OBJECT_CONVERSION = YES_AGGRESSIVE;
				CLANG_CXX_LANGUAGE_STANDARD = "gnu++20";
				CLANG_ENABLE_MODULES = YES;
				CLANG_ENABLE_OBJC_ARC = YES;
				CLANG_ENABLE_OBJC_WEAK = YES;
				CLANG_WARN_BLOCK_CAPTURE_AUTORELEASING = YES;
				CLANG_WARN_BOOL_CONVERSION = YES;
				CLANG_WARN_COMMA = YES;
				CLANG_WARN_CONSTANT_CONVERSION = YES;
				CLANG_WARN_DEPRECATED_OBJC_IMPLEMENTATIONS = YES;
				CLANG_WARN_DIRECT_OBJC_ISA_USAGE = YES_ERROR;
				CLANG_WARN_DOCUMENTATION_COMMENTS = YES;
				CLANG_WARN_EMPTY_BODY = YES;
				CLANG_WARN_ENUM_CONVERSION = YES;
				CLANG_WARN_INFINITE_RECURSION = YES;
				CLANG_WARN_INT_CONVERSION = YES;
				CLANG_WARN_NON_LITERAL_NULL_CONVERSION = YES;
				CLANG_WARN_OBJC_IMPLICIT_RETAIN_SELF = YES;
				CLANG_WARN_OBJC_LITERAL_CONVERSION = YES;
				CLANG_WARN_OBJC_ROOT_CLASS = YES_ERROR;
				CLANG_WARN_QUOTED_INCLUDE_IN_FRAMEWORK_HEADER = YES;
				CLANG_WARN_RANGE_LOOP_ANALYSIS = YES;
				CLANG_WARN_STRICT_PROTOTYPES = YES;
				CLANG_WARN_SUSPICIOUS_MOVE = YES;
				CLANG_WARN_UNGUARDED_AVAILABILITY = YES_AGGRESSIVE;
				CLANG_WARN_UNREACHABLE_CODE = YES;
				CLANG_WARN__DUPLICATE_METHOD_MATCH = YES;
				COPY_PHASE_STRIP = NO;
				DEBUG_INFORMATION_FORMAT = "dwarf-with-dsym";
				ENABLE_NS_ASSERTIONS = NO;
				ENABLE_STRICT_OBJC_MSGSEND = YES;
				GCC_C_LANGUAGE_STANDARD = gnu11;
				GCC_NO_COMMON_BLOCKS = YES;
				GCC_WARN_64_TO_32_BIT_CONVERSION = YES;
				GCC_WARN_ABOUT_RETURN_TYPE = YES_ERROR;
				GCC_WARN_UNDECLARED_SELECTOR = YES;
				GCC_WARN_UNINITIALIZED_AUTOS = YES_AGGRESSIVE;
				GCC_WARN_UNUSED_FUNCTION = YES;
				GCC_WARN_UNUSED_VARIABLE = YES;
				IPHONEOS_DEPLOYMENT_TARGET = 16.0;
				MTL_ENABLE_DEBUG_INFO = NO;
				MTL_FAST_MATH = YES;
				SDKROOT = iphoneos;
				SWIFT_COMPILATION_MODE = wholemodule;
				SWIFT_OPTIMIZATION_LEVEL = "-O";
				VALIDATE_PRODUCT = YES;
			};
			name = Release;
		};
		9D035A512903FF32000595BA /* Debug */ = {
			isa = XCBuildConfiguration;
			baseConfigurationReference = 48FA6A6A7B533345D70FDF68 /* Pods-BankApp.debug.xcconfig */;
			buildSettings = {
				ASSETCATALOG_COMPILER_APPICON_NAME = AppIcon;
				ASSETCATALOG_COMPILER_GLOBAL_ACCENT_COLOR_NAME = AccentColor;
				CODE_SIGN_STYLE = Automatic;
				CURRENT_PROJECT_VERSION = 1;
				DEVELOPMENT_TEAM = GZBP2PGGT9;
				GENERATE_INFOPLIST_FILE = YES;
				INFOPLIST_FILE = BankApp/Info.plist;
				INFOPLIST_KEY_UIApplicationSupportsIndirectInputEvents = YES;
				INFOPLIST_KEY_UILaunchStoryboardName = LaunchScreen;
				INFOPLIST_KEY_UIMainStoryboardFile = Main;
				INFOPLIST_KEY_UISupportedInterfaceOrientations_iPad = "UIInterfaceOrientationPortrait UIInterfaceOrientationPortraitUpsideDown UIInterfaceOrientationLandscapeLeft UIInterfaceOrientationLandscapeRight";
				INFOPLIST_KEY_UISupportedInterfaceOrientations_iPhone = "UIInterfaceOrientationPortrait UIInterfaceOrientationLandscapeLeft UIInterfaceOrientationLandscapeRight";
				LD_RUNPATH_SEARCH_PATHS = (
					"$(inherited)",
					"@executable_path/Frameworks",
				);
				MARKETING_VERSION = 1.0;
				PRODUCT_BUNDLE_IDENTIFIER = com.loctier.BankApp;
				PRODUCT_NAME = "$(TARGET_NAME)";
				SWIFT_EMIT_LOC_STRINGS = YES;
				SWIFT_VERSION = 5.0;
				TARGETED_DEVICE_FAMILY = "1,2";
			};
			name = Debug;
		};
		9D035A522903FF32000595BA /* Release */ = {
			isa = XCBuildConfiguration;
			baseConfigurationReference = 6FC704763B3427A7FB3ED43D /* Pods-BankApp.release.xcconfig */;
			buildSettings = {
				ASSETCATALOG_COMPILER_APPICON_NAME = AppIcon;
				ASSETCATALOG_COMPILER_GLOBAL_ACCENT_COLOR_NAME = AccentColor;
				CODE_SIGN_STYLE = Automatic;
				CURRENT_PROJECT_VERSION = 1;
				DEVELOPMENT_TEAM = GZBP2PGGT9;
				GENERATE_INFOPLIST_FILE = YES;
				INFOPLIST_FILE = BankApp/Info.plist;
				INFOPLIST_KEY_UIApplicationSupportsIndirectInputEvents = YES;
				INFOPLIST_KEY_UILaunchStoryboardName = LaunchScreen;
				INFOPLIST_KEY_UIMainStoryboardFile = Main;
				INFOPLIST_KEY_UISupportedInterfaceOrientations_iPad = "UIInterfaceOrientationPortrait UIInterfaceOrientationPortraitUpsideDown UIInterfaceOrientationLandscapeLeft UIInterfaceOrientationLandscapeRight";
				INFOPLIST_KEY_UISupportedInterfaceOrientations_iPhone = "UIInterfaceOrientationPortrait UIInterfaceOrientationLandscapeLeft UIInterfaceOrientationLandscapeRight";
				LD_RUNPATH_SEARCH_PATHS = (
					"$(inherited)",
					"@executable_path/Frameworks",
				);
				MARKETING_VERSION = 1.0;
				PRODUCT_BUNDLE_IDENTIFIER = com.loctier.BankApp;
				PRODUCT_NAME = "$(TARGET_NAME)";
				SWIFT_EMIT_LOC_STRINGS = YES;
				SWIFT_VERSION = 5.0;
				TARGETED_DEVICE_FAMILY = "1,2";
			};
			name = Release;
		};
/* End XCBuildConfiguration section */

/* Begin XCConfigurationList section */
		9D035A372903FF31000595BA /* Build configuration list for PBXProject "BankApp" */ = {
			isa = XCConfigurationList;
			buildConfigurations = (
				9D035A4E2903FF32000595BA /* Debug */,
				9D035A4F2903FF32000595BA /* Release */,
			);
			defaultConfigurationIsVisible = 0;
			defaultConfigurationName = Release;
		};
		9D035A502903FF32000595BA /* Build configuration list for PBXNativeTarget "BankApp" */ = {
			isa = XCConfigurationList;
			buildConfigurations = (
				9D035A512903FF32000595BA /* Debug */,
				9D035A522903FF32000595BA /* Release */,
			);
			defaultConfigurationIsVisible = 0;
			defaultConfigurationName = Release;
		};
/* End XCConfigurationList section */
	};
	rootObject = 9D035A342903FF31000595BA /* Project object */;
}
